
Microsoft Visual Studio Solution File, Format Version 12.00
# Visual Studio Version 17
VisualStudioVersion = 17.5.33414.496
MinimumVisualStudioVersion = 10.0.40219.1
Project("{FAE04EC0-301F-11D3-BF4B-00C04F79EFBC}") = "NumeroPrimo", "NumeroPrimo\NumeroPrimo.csproj", "{50C6414D-DCCF-4176-AC61-C40521A4A476}"
EndProject
Global
	GlobalSection(SolutionConfigurationPlatforms) = preSolution
		Debug|Any CPU = Debug|Any CPU
		Release|Any CPU = Release|Any CPU
	EndGlobalSection
	GlobalSection(ProjectConfigurationPlatforms) = postSolution
		{50C6414D-DCCF-4176-AC61-C40521A4A476}.Debug|Any CPU.ActiveCfg = Debug|Any CPU
		{50C6414D-DCCF-4176-AC61-C40521A4A476}.Debug|Any CPU.Build.0 = Debug|Any CPU
		{50C6414D-DCCF-4176-AC61-C40521A4A476}.Release|Any CPU.ActiveCfg = Release|Any CPU
		{50C6414D-DCCF-4176-AC61-C40521A4A476}.Release|Any CPU.Build.0 = Release|Any CPU
	EndGlobalSection
	GlobalSection(SolutionProperties) = preSolution
		HideSolutionNode = FALSE
	EndGlobalSection
	GlobalSection(ExtensibilityGlobals) = postSolution
		SolutionGuid = {21BAB2B7-1220-40A9-B598-5F2ED7808EF2}
	EndGlobalSection
EndGlobal
